{
  "nodes": {
    "nixpkgs": {
      "locked": {
        "lastModified": 1675963501,
        "narHash": "sha256-Oh2D7QVcIabAfNIB3h1/SRlP7taLduNLuuM2tuSygTo=",
        "owner": "NixOS",
        "repo": "nixpkgs",
        "rev": "ece614f022cc50eba319e688ecc4cd764d376a37",
        "type": "github"
      },
      "original": {
        "owner": "NixOS",
        "ref": "release-22.11",
        "repo": "nixpkgs",
        "type": "github"
      }
    },
    "nixpkgs_2": {
      "locked": {
        "lastModified": 1619628994,
        "narHash": "sha256-fypTpyNuW/sN3llAxvDyTS5uWg9COCmna/mlVTXvqIQ=",
        "owner": "NixOS",
        "repo": "nixpkgs",
        "rev": "afd7f222bf602de2f73479a9becba8761edff4be",
        "type": "github"
      },
      "original": {
        "id": "nixpkgs",
        "type": "indirect"
      }
    },
    "root": {
      "inputs": {
        "nixpkgs": "nixpkgs",
        "sbt-hook": "sbt-hook",
        "utils": "utils",
        "yarn2nix": "yarn2nix"
      }
    },
    "sbt-derivation": {
      "inputs": {
        "flake-utils": [
          "sbt-hook",
          "flake-utils"
        ],
        "nixpkgs": [
          "sbt-hook",
          "nixpkgs"
        ]
      },
      "locked": {
        "lastModified": 1675083208,
        "narHash": "sha256-+sSFhSpV2jckr1qYlX/SaxQ6IdpagD6o4rru/3HAl0I=",
        "owner": "zaninime",
        "repo": "sbt-derivation",
        "rev": "92d6d6d825e3f6ae5642d1cce8ff571c3368aaf7",
        "type": "github"
      },
      "original": {
        "owner": "zaninime",
        "repo": "sbt-derivation",
        "type": "github"
      }
    },
    "sbt-hook": {
      "inputs": {
        "flake-utils": [
          "utils"
        ],
        "nixpkgs": [
          "nixpkgs"
        ],
        "sbt-derivation": "sbt-derivation"
      },
      "locked": {
        "dir": "sbt-hook",
        "lastModified": 1675966456,
        "narHash": "sha256-s8Px88GyWkaUxOL/r5yn3mnJ+SBkXl4w6exJ31d4VRo=",
        "owner": "MonikaJassova",
        "repo": "sbt-nix",
        "rev": "8d9e6d6cf3c62088cd98a9f906782b5d3c33cb0d",
        "type": "github"
      },
      "original": {
        "dir": "sbt-hook",
        "owner": "MonikaJassova",
        "repo": "sbt-nix",
        "type": "github"
      }
    },
    "utils": {
      "locked": {
        "lastModified": 1667395993,
        "narHash": "sha256-nuEHfE/LcWyuSWnS8t12N1wc105Qtau+/OdUAjtQ0rA=",
        "owner": "numtide",
        "repo": "flake-utils",
        "rev": "5aed5285a952e0b949eb3ba02c12fa4fcfef535f",
        "type": "github"
      },
      "original": {
        "owner": "numtide",
        "repo": "flake-utils",
        "type": "github"
      }
    },
    "utils_2": {
      "locked": {
        "lastModified": 1619630495,
        "narHash": "sha256-hbTvtHDY7sYTb8Yj+/eqJFybOhN31edbv5o2xeLwl+g=",
        "owner": "kreisys",
        "repo": "flake-utils",
        "rev": "d9a757ac25f73ba911e41d9195fd515490122996",
        "type": "github"
      },
      "original": {
        "owner": "kreisys",
        "repo": "flake-utils",
        "type": "github"
      }
    },
    "yarn2nix": {
      "inputs": {
        "nixpkgs": "nixpkgs_2",
        "utils": "utils_2"
      },
      "locked": {
        "lastModified": 1659446520,
        "narHash": "sha256-L/WaCsXU0L9Dkgc7DLF3ojZ24LJGLEQqM54PtJjEm18=",
        "owner": "input-output-hk",
        "repo": "yarn2nix",
        "rev": "3fdf563d82ca041f656335ab39e208bda6377d09",
        "type": "github"
      },
      "original": {
        "owner": "input-output-hk",
        "repo": "yarn2nix",
        "type": "github"
      }
    }
  },
  "root": "root",
  "version": 7
}
