{
  "nodes": {
    "nixpkgs": {
      "locked": {
        "lastModified": 1675956089,
        "narHash": "sha256-vG0np69YbknbPCNxZJo/Q4zi38RmmCVEeeuFU9c7XfA=",
        "owner": "NixOS",
        "repo": "nixpkgs",
        "rev": "9a7e7354958a76f01feb6863b686f74019022b05",
        "type": "github"
      },
      "original": {
        "owner": "NixOS",
        "ref": "release-22.11",
        "repo": "nixpkgs",
        "type": "github"
      }
    },
    "nixpkgs_2": {
      "locked": {
        "lastModified": 1619628994,
        "narHash": "sha256-fypTpyNuW/sN3llAxvDyTS5uWg9COCmna/mlVTXvqIQ=",
        "owner": "NixOS",
        "repo": "nixpkgs",
        "rev": "afd7f222bf602de2f73479a9becba8761edff4be",
        "type": "github"
      },
      "original": {
        "id": "nixpkgs",
        "type": "indirect"
      }
    },
    "root": {
      "inputs": {
        "nixpkgs": "nixpkgs",
        "sbt-hook": "sbt-hook",
        "utils": "utils",
        "yarn2nix": "yarn2nix"
      }
    },
    "sbt-derivation": {
      "inputs": {
        "flake-utils": [
          "sbt-hook",
          "flake-utils"
        ],
        "nixpkgs": [
          "sbt-hook",
          "nixpkgs"
        ]
      },
      "locked": {
        "lastModified": 1670683679,
        "narHash": "sha256-6SNkggK5ki8iulmaAAYr8uOxbwxUpp6DD8bVM2Cv5Q0=",
        "owner": "zaninime",
        "repo": "sbt-derivation",
        "rev": "847f28faf9d72d4f312dc20728994453bb250604",
        "type": "github"
      },
      "original": {
        "owner": "zaninime",
        "repo": "sbt-derivation",
        "type": "github"
      }
    },
    "sbt-hook": {
      "inputs": {
        "flake-utils": [
          "utils"
        ],
        "nixpkgs": [
          "nixpkgs"
        ],
        "sbt-derivation": "sbt-derivation"
      },
      "locked": {
        "dir": "sbt-hook",
        "lastModified": 1675286854,
        "narHash": "sha256-3hRIncRSjBis4tTj8qmszQ/usNTVKV0StxgEhho0h2U=",
        "owner": "MonikaJassova",
        "repo": "sbt-nix",
        "rev": "b922a4fd18b2960f1c9d5b2004877c2e0f4ed122",
        "type": "github"
      },
      "original": {
        "dir": "sbt-hook",
        "owner": "MonikaJassova",
        "repo": "sbt-nix",
        "type": "github"
      }
    },
    "utils": {
      "locked": {
        "lastModified": 1667395993,
        "narHash": "sha256-nuEHfE/LcWyuSWnS8t12N1wc105Qtau+/OdUAjtQ0rA=",
        "owner": "numtide",
        "repo": "flake-utils",
        "rev": "5aed5285a952e0b949eb3ba02c12fa4fcfef535f",
        "type": "github"
      },
      "original": {
        "owner": "numtide",
        "repo": "flake-utils",
        "type": "github"
      }
    },
    "utils_2": {
      "locked": {
        "lastModified": 1619630495,
        "narHash": "sha256-hbTvtHDY7sYTb8Yj+/eqJFybOhN31edbv5o2xeLwl+g=",
        "owner": "kreisys",
        "repo": "flake-utils",
        "rev": "d9a757ac25f73ba911e41d9195fd515490122996",
        "type": "github"
      },
      "original": {
        "owner": "kreisys",
        "repo": "flake-utils",
        "type": "github"
      }
    },
    "yarn2nix": {
      "inputs": {
        "nixpkgs": "nixpkgs_2",
        "utils": "utils_2"
      },
      "locked": {
        "lastModified": 1659446520,
        "narHash": "sha256-L/WaCsXU0L9Dkgc7DLF3ojZ24LJGLEQqM54PtJjEm18=",
        "owner": "input-output-hk",
        "repo": "yarn2nix",
        "rev": "3fdf563d82ca041f656335ab39e208bda6377d09",
        "type": "github"
      },
      "original": {
        "owner": "input-output-hk",
        "repo": "yarn2nix",
        "type": "github"
      }
    }
  },
  "root": "root",
  "version": 7
}
